
Microsoft Visual Studio Solution File, Format Version 12.00
# Visual Studio 15
VisualStudioVersion = 15.0.27130.2020
MinimumVisualStudioVersion = 10.0.40219.1
Project("{9A19103F-16F7-4668-BE54-9A1E7A4F7556}") = "KD.Navien.WaterBoilerMat", "KD.Navien.WaterBoilerMat\KD.Navien.WaterBoilerMat\KD.Navien.WaterBoilerMat.csproj", "{586DE238-5876-4820-910E-7C1FAFC6A239}"
EndProject
Project("{FAE04EC0-301F-11D3-BF4B-00C04F79EFBC}") = "KD.Navien.WaterBoilerMat.Android", "KD.Navien.WaterBoilerMat\KD.Navien.WaterBoilerMat.Android\KD.Navien.WaterBoilerMat.Android.csproj", "{35846450-BFC6-4886-B93F-5BC582C326A9}"
EndProject
Project("{FAE04EC0-301F-11D3-BF4B-00C04F79EFBC}") = "KD.Navien.WaterBoilerMat.iOS", "KD.Navien.WaterBoilerMat\KD.Navien.WaterBoilerMat.iOS\KD.Navien.WaterBoilerMat.iOS.csproj", "{90D4E1B8-4375-4A31-A5C3-BCA140265A78}"
EndProject
Project("{FAE04EC0-301F-11D3-BF4B-00C04F79EFBC}") = "KD.Navien.WaterBoilerMat.UWP", "KD.Navien.WaterBoilerMat\KD.Navien.WaterBoilerMat.UWP\KD.Navien.WaterBoilerMat.UWP.csproj", "{8A42F6E0-07F6-4AB1-A070-C8F7BFF09F0A}"
EndProject
Project("{9A19103F-16F7-4668-BE54-9A1E7A4F7556}") = "KD.Navien.WaterBoilerMat.Tizen", "KD.Navien.WaterBoilerMat\KD.Navien.WaterBoilerMat.Tizen\KD.Navien.WaterBoilerMat.Tizen.csproj", "{F45A94EB-EB07-42DF-A8F7-48B8B06F3679}"
EndProject
Project("{2150E333-8FDC-42A3-9474-1A3956D46DE8}") = "Universal", "Universal", "{5C540A8B-9DCB-41DE-9733-FE8E2153A246}"
EndProject
Project("{FAE04EC0-301F-11D3-BF4B-00C04F79EFBC}") = "KD.Navien.WaterBoilerMat.Universal", "KD.Navien.WaterBoilerMat.Universal\KD.Navien.WaterBoilerMat.Universal.csproj", "{B9339BE9-FE61-4F8E-8E10-35B43EF67C90}"
EndProject
Project("{FAE04EC0-301F-11D3-BF4B-00C04F79EFBC}") = "KD.Navien.WaterBoilerMat.Universal.App", "KD.Navien.WaterBoilerMat.Universal.App\KD.Navien.WaterBoilerMat.Universal.App.csproj", "{160A68DC-BB5E-4768-A913-6447E2B5A1F7}"
EndProject
Project("{2150E333-8FDC-42A3-9474-1A3956D46DE8}") = "Standard", "Standard", "{6BAA02D5-9E81-42D6-A33F-1B060FA10F96}"
EndProject
Project("{9A19103F-16F7-4668-BE54-9A1E7A4F7556}") = "KD.Navien.WaterBoilerMat.Standard", "KD.Navien.WaterBoilerMat.Standard\KD.Navien.WaterBoilerMat.Standard.csproj", "{D9140246-69F9-433B-9F40-908C67713F39}"
EndProject
Project("{2150E333-8FDC-42A3-9474-1A3956D46DE8}") = "Xamarin", "Xamarin", "{A7D4F04A-B812-4C65-BC9D-D134F38C6555}"
EndProject
Project("{FAE04EC0-301F-11D3-BF4B-00C04F79EFBC}") = "KD.Navien.WaterBoilerMat.Universal.BackgroundApp", "KD.Navien.WaterBoilerMat.Universal.BackgroundApp\KD.Navien.WaterBoilerMat.Universal.BackgroundApp.csproj", "{EDA9D962-AA8B-4F89-A1EF-C224480D4989}"
EndProject
Global
	GlobalSection(SolutionConfigurationPlatforms) = preSolution
		Ad-Hoc|Any CPU = Ad-Hoc|Any CPU
		Ad-Hoc|ARM = Ad-Hoc|ARM
		Ad-Hoc|ARM64 = Ad-Hoc|ARM64
		Ad-Hoc|iPhone = Ad-Hoc|iPhone
		Ad-Hoc|iPhoneSimulator = Ad-Hoc|iPhoneSimulator
		Ad-Hoc|x64 = Ad-Hoc|x64
		Ad-Hoc|x86 = Ad-Hoc|x86
		AppStore|Any CPU = AppStore|Any CPU
		AppStore|ARM = AppStore|ARM
		AppStore|ARM64 = AppStore|ARM64
		AppStore|iPhone = AppStore|iPhone
		AppStore|iPhoneSimulator = AppStore|iPhoneSimulator
		AppStore|x64 = AppStore|x64
		AppStore|x86 = AppStore|x86
		Debug|Any CPU = Debug|Any CPU
		Debug|ARM = Debug|ARM
		Debug|ARM64 = Debug|ARM64
		Debug|iPhone = Debug|iPhone
		Debug|iPhoneSimulator = Debug|iPhoneSimulator
		Debug|x64 = Debug|x64
		Debug|x86 = Debug|x86
		Release|Any CPU = Release|Any CPU
		Release|ARM = Release|ARM
		Release|ARM64 = Release|ARM64
		Release|iPhone = Release|iPhone
		Release|iPhoneSimulator = Release|iPhoneSimulator
		Release|x64 = Release|x64
		Release|x86 = Release|x86
	EndGlobalSection
	GlobalSection(ProjectConfigurationPlatforms) = postSolution
		{586DE238-5876-4820-910E-7C1FAFC6A239}.Ad-Hoc|Any CPU.ActiveCfg = Debug|Any CPU
		{586DE238-5876-4820-910E-7C1FAFC6A239}.Ad-Hoc|Any CPU.Build.0 = Debug|Any CPU
		{586DE238-5876-4820-910E-7C1FAFC6A239}.Ad-Hoc|ARM.ActiveCfg = Debug|Any CPU
		{586DE238-5876-4820-910E-7C1FAFC6A239}.Ad-Hoc|ARM.Build.0 = Debug|Any CPU
		{586DE238-5876-4820-910E-7C1FAFC6A239}.Ad-Hoc|ARM64.ActiveCfg = Release|Any CPU
		{586DE238-5876-4820-910E-7C1FAFC6A239}.Ad-Hoc|ARM64.Build.0 = Release|Any CPU
		{586DE238-5876-4820-910E-7C1FAFC6A239}.Ad-Hoc|iPhone.ActiveCfg = Debug|Any CPU
		{586DE238-5876-4820-910E-7C1FAFC6A239}.Ad-Hoc|iPhone.Build.0 = Debug|Any CPU
		{586DE238-5876-4820-910E-7C1FAFC6A239}.Ad-Hoc|iPhoneSimulator.ActiveCfg = Debug|Any CPU
		{586DE238-5876-4820-910E-7C1FAFC6A239}.Ad-Hoc|iPhoneSimulator.Build.0 = Debug|Any CPU
		{586DE238-5876-4820-910E-7C1FAFC6A239}.Ad-Hoc|x64.ActiveCfg = Debug|Any CPU
		{586DE238-5876-4820-910E-7C1FAFC6A239}.Ad-Hoc|x64.Build.0 = Debug|Any CPU
		{586DE238-5876-4820-910E-7C1FAFC6A239}.Ad-Hoc|x86.ActiveCfg = Debug|Any CPU
		{586DE238-5876-4820-910E-7C1FAFC6A239}.Ad-Hoc|x86.Build.0 = Debug|Any CPU
		{586DE238-5876-4820-910E-7C1FAFC6A239}.AppStore|Any CPU.ActiveCfg = Debug|Any CPU
		{586DE238-5876-4820-910E-7C1FAFC6A239}.AppStore|Any CPU.Build.0 = Debug|Any CPU
		{586DE238-5876-4820-910E-7C1FAFC6A239}.AppStore|ARM.ActiveCfg = Debug|Any CPU
		{586DE238-5876-4820-910E-7C1FAFC6A239}.AppStore|ARM.Build.0 = Debug|Any CPU
		{586DE238-5876-4820-910E-7C1FAFC6A239}.AppStore|ARM64.ActiveCfg = Release|Any CPU
		{586DE238-5876-4820-910E-7C1FAFC6A239}.AppStore|ARM64.Build.0 = Release|Any CPU
		{586DE238-5876-4820-910E-7C1FAFC6A239}.AppStore|iPhone.ActiveCfg = Debug|Any CPU
		{586DE238-5876-4820-910E-7C1FAFC6A239}.AppStore|iPhone.Build.0 = Debug|Any CPU
		{586DE238-5876-4820-910E-7C1FAFC6A239}.AppStore|iPhoneSimulator.ActiveCfg = Debug|Any CPU
		{586DE238-5876-4820-910E-7C1FAFC6A239}.AppStore|iPhoneSimulator.Build.0 = Debug|Any CPU
		{586DE238-5876-4820-910E-7C1FAFC6A239}.AppStore|x64.ActiveCfg = Debug|Any CPU
		{586DE238-5876-4820-910E-7C1FAFC6A239}.AppStore|x64.Build.0 = Debug|Any CPU
		{586DE238-5876-4820-910E-7C1FAFC6A239}.AppStore|x86.ActiveCfg = Debug|Any CPU
		{586DE238-5876-4820-910E-7C1FAFC6A239}.AppStore|x86.Build.0 = Debug|Any CPU
		{586DE238-5876-4820-910E-7C1FAFC6A239}.Debug|Any CPU.ActiveCfg = Debug|Any CPU
		{586DE238-5876-4820-910E-7C1FAFC6A239}.Debug|Any CPU.Build.0 = Debug|Any CPU
		{586DE238-5876-4820-910E-7C1FAFC6A239}.Debug|ARM.ActiveCfg = Debug|Any CPU
		{586DE238-5876-4820-910E-7C1FAFC6A239}.Debug|ARM.Build.0 = Debug|Any CPU
		{586DE238-5876-4820-910E-7C1FAFC6A239}.Debug|ARM64.ActiveCfg = Debug|Any CPU
		{586DE238-5876-4820-910E-7C1FAFC6A239}.Debug|ARM64.Build.0 = Debug|Any CPU
		{586DE238-5876-4820-910E-7C1FAFC6A239}.Debug|iPhone.ActiveCfg = Debug|Any CPU
		{586DE238-5876-4820-910E-7C1FAFC6A239}.Debug|iPhone.Build.0 = Debug|Any CPU
		{586DE238-5876-4820-910E-7C1FAFC6A239}.Debug|iPhoneSimulator.ActiveCfg = Debug|Any CPU
		{586DE238-5876-4820-910E-7C1FAFC6A239}.Debug|iPhoneSimulator.Build.0 = Debug|Any CPU
		{586DE238-5876-4820-910E-7C1FAFC6A239}.Debug|x64.ActiveCfg = Debug|Any CPU
		{586DE238-5876-4820-910E-7C1FAFC6A239}.Debug|x64.Build.0 = Debug|Any CPU
		{586DE238-5876-4820-910E-7C1FAFC6A239}.Debug|x86.ActiveCfg = Debug|Any CPU
		{586DE238-5876-4820-910E-7C1FAFC6A239}.Debug|x86.Build.0 = Debug|Any CPU
		{586DE238-5876-4820-910E-7C1FAFC6A239}.Release|Any CPU.ActiveCfg = Release|Any CPU
		{586DE238-5876-4820-910E-7C1FAFC6A239}.Release|Any CPU.Build.0 = Release|Any CPU
		{586DE238-5876-4820-910E-7C1FAFC6A239}.Release|ARM.ActiveCfg = Release|Any CPU
		{586DE238-5876-4820-910E-7C1FAFC6A239}.Release|ARM.Build.0 = Release|Any CPU
		{586DE238-5876-4820-910E-7C1FAFC6A239}.Release|ARM64.ActiveCfg = Release|Any CPU
		{586DE238-5876-4820-910E-7C1FAFC6A239}.Release|ARM64.Build.0 = Release|Any CPU
		{586DE238-5876-4820-910E-7C1FAFC6A239}.Release|iPhone.ActiveCfg = Release|Any CPU
		{586DE238-5876-4820-910E-7C1FAFC6A239}.Release|iPhone.Build.0 = Release|Any CPU
		{586DE238-5876-4820-910E-7C1FAFC6A239}.Release|iPhoneSimulator.ActiveCfg = Release|Any CPU
		{586DE238-5876-4820-910E-7C1FAFC6A239}.Release|iPhoneSimulator.Build.0 = Release|Any CPU
		{586DE238-5876-4820-910E-7C1FAFC6A239}.Release|x64.ActiveCfg = Release|Any CPU
		{586DE238-5876-4820-910E-7C1FAFC6A239}.Release|x64.Build.0 = Release|Any CPU
		{586DE238-5876-4820-910E-7C1FAFC6A239}.Release|x86.ActiveCfg = Release|Any CPU
		{586DE238-5876-4820-910E-7C1FAFC6A239}.Release|x86.Build.0 = Release|Any CPU
		{35846450-BFC6-4886-B93F-5BC582C326A9}.Ad-Hoc|Any CPU.ActiveCfg = Release|Any CPU
		{35846450-BFC6-4886-B93F-5BC582C326A9}.Ad-Hoc|Any CPU.Build.0 = Release|Any CPU
		{35846450-BFC6-4886-B93F-5BC582C326A9}.Ad-Hoc|Any CPU.Deploy.0 = Release|Any CPU
		{35846450-BFC6-4886-B93F-5BC582C326A9}.Ad-Hoc|ARM.ActiveCfg = Release|Any CPU
		{35846450-BFC6-4886-B93F-5BC582C326A9}.Ad-Hoc|ARM.Build.0 = Release|Any CPU
		{35846450-BFC6-4886-B93F-5BC582C326A9}.Ad-Hoc|ARM.Deploy.0 = Release|Any CPU
		{35846450-BFC6-4886-B93F-5BC582C326A9}.Ad-Hoc|ARM64.ActiveCfg = Debug|Any CPU
		{35846450-BFC6-4886-B93F-5BC582C326A9}.Ad-Hoc|ARM64.Build.0 = Debug|Any CPU
		{35846450-BFC6-4886-B93F-5BC582C326A9}.Ad-Hoc|ARM64.Deploy.0 = Debug|Any CPU
		{35846450-BFC6-4886-B93F-5BC582C326A9}.Ad-Hoc|iPhone.ActiveCfg = Release|Any CPU
		{35846450-BFC6-4886-B93F-5BC582C326A9}.Ad-Hoc|iPhone.Build.0 = Release|Any CPU
		{35846450-BFC6-4886-B93F-5BC582C326A9}.Ad-Hoc|iPhone.Deploy.0 = Release|Any CPU
		{35846450-BFC6-4886-B93F-5BC582C326A9}.Ad-Hoc|iPhoneSimulator.ActiveCfg = Release|Any CPU
		{35846450-BFC6-4886-B93F-5BC582C326A9}.Ad-Hoc|iPhoneSimulator.Build.0 = Release|Any CPU
		{35846450-BFC6-4886-B93F-5BC582C326A9}.Ad-Hoc|iPhoneSimulator.Deploy.0 = Release|Any CPU
		{35846450-BFC6-4886-B93F-5BC582C326A9}.Ad-Hoc|x64.ActiveCfg = Release|Any CPU
		{35846450-BFC6-4886-B93F-5BC582C326A9}.Ad-Hoc|x64.Build.0 = Release|Any CPU
		{35846450-BFC6-4886-B93F-5BC582C326A9}.Ad-Hoc|x64.Deploy.0 = Release|Any CPU
		{35846450-BFC6-4886-B93F-5BC582C326A9}.Ad-Hoc|x86.ActiveCfg = Release|Any CPU
		{35846450-BFC6-4886-B93F-5BC582C326A9}.Ad-Hoc|x86.Build.0 = Release|Any CPU
		{35846450-BFC6-4886-B93F-5BC582C326A9}.Ad-Hoc|x86.Deploy.0 = Release|Any CPU
		{35846450-BFC6-4886-B93F-5BC582C326A9}.AppStore|Any CPU.ActiveCfg = Release|Any CPU
		{35846450-BFC6-4886-B93F-5BC582C326A9}.AppStore|Any CPU.Build.0 = Release|Any CPU
		{35846450-BFC6-4886-B93F-5BC582C326A9}.AppStore|Any CPU.Deploy.0 = Release|Any CPU
		{35846450-BFC6-4886-B93F-5BC582C326A9}.AppStore|ARM.ActiveCfg = Release|Any CPU
		{35846450-BFC6-4886-B93F-5BC582C326A9}.AppStore|ARM.Build.0 = Release|Any CPU
		{35846450-BFC6-4886-B93F-5BC582C326A9}.AppStore|ARM.Deploy.0 = Release|Any CPU
		{35846450-BFC6-4886-B93F-5BC582C326A9}.AppStore|ARM64.ActiveCfg = Debug|Any CPU
		{35846450-BFC6-4886-B93F-5BC582C326A9}.AppStore|ARM64.Build.0 = Debug|Any CPU
		{35846450-BFC6-4886-B93F-5BC582C326A9}.AppStore|ARM64.Deploy.0 = Debug|Any CPU
		{35846450-BFC6-4886-B93F-5BC582C326A9}.AppStore|iPhone.ActiveCfg = Release|Any CPU
		{35846450-BFC6-4886-B93F-5BC582C326A9}.AppStore|iPhone.Build.0 = Release|Any CPU
		{35846450-BFC6-4886-B93F-5BC582C326A9}.AppStore|iPhone.Deploy.0 = Release|Any CPU
		{35846450-BFC6-4886-B93F-5BC582C326A9}.AppStore|iPhoneSimulator.ActiveCfg = Release|Any CPU
		{35846450-BFC6-4886-B93F-5BC582C326A9}.AppStore|iPhoneSimulator.Build.0 = Release|Any CPU
		{35846450-BFC6-4886-B93F-5BC582C326A9}.AppStore|iPhoneSimulator.Deploy.0 = Release|Any CPU
		{35846450-BFC6-4886-B93F-5BC582C326A9}.AppStore|x64.ActiveCfg = Release|Any CPU
		{35846450-BFC6-4886-B93F-5BC582C326A9}.AppStore|x64.Build.0 = Release|Any CPU
		{35846450-BFC6-4886-B93F-5BC582C326A9}.AppStore|x64.Deploy.0 = Release|Any CPU
		{35846450-BFC6-4886-B93F-5BC582C326A9}.AppStore|x86.ActiveCfg = Release|Any CPU
		{35846450-BFC6-4886-B93F-5BC582C326A9}.AppStore|x86.Build.0 = Release|Any CPU
		{35846450-BFC6-4886-B93F-5BC582C326A9}.AppStore|x86.Deploy.0 = Release|Any CPU
		{35846450-BFC6-4886-B93F-5BC582C326A9}.Debug|Any CPU.ActiveCfg = Debug|Any CPU
		{35846450-BFC6-4886-B93F-5BC582C326A9}.Debug|Any CPU.Build.0 = Debug|Any CPU
		{35846450-BFC6-4886-B93F-5BC582C326A9}.Debug|Any CPU.Deploy.0 = Debug|Any CPU
		{35846450-BFC6-4886-B93F-5BC582C326A9}.Debug|ARM.ActiveCfg = Debug|Any CPU
		{35846450-BFC6-4886-B93F-5BC582C326A9}.Debug|ARM.Build.0 = Debug|Any CPU
		{35846450-BFC6-4886-B93F-5BC582C326A9}.Debug|ARM.Deploy.0 = Debug|Any CPU
		{35846450-BFC6-4886-B93F-5BC582C326A9}.Debug|ARM64.ActiveCfg = Debug|Any CPU
		{35846450-BFC6-4886-B93F-5BC582C326A9}.Debug|ARM64.Build.0 = Debug|Any CPU
		{35846450-BFC6-4886-B93F-5BC582C326A9}.Debug|ARM64.Deploy.0 = Debug|Any CPU
		{35846450-BFC6-4886-B93F-5BC582C326A9}.Debug|iPhone.ActiveCfg = Debug|Any CPU
		{35846450-BFC6-4886-B93F-5BC582C326A9}.Debug|iPhone.Build.0 = Debug|Any CPU
		{35846450-BFC6-4886-B93F-5BC582C326A9}.Debug|iPhone.Deploy.0 = Debug|Any CPU
		{35846450-BFC6-4886-B93F-5BC582C326A9}.Debug|iPhoneSimulator.ActiveCfg = Debug|Any CPU
		{35846450-BFC6-4886-B93F-5BC582C326A9}.Debug|iPhoneSimulator.Build.0 = Debug|Any CPU
		{35846450-BFC6-4886-B93F-5BC582C326A9}.Debug|iPhoneSimulator.Deploy.0 = Debug|Any CPU
		{35846450-BFC6-4886-B93F-5BC582C326A9}.Debug|x64.ActiveCfg = Debug|Any CPU
		{35846450-BFC6-4886-B93F-5BC582C326A9}.Debug|x64.Build.0 = Debug|Any CPU
		{35846450-BFC6-4886-B93F-5BC582C326A9}.Debug|x64.Deploy.0 = Debug|Any CPU
		{35846450-BFC6-4886-B93F-5BC582C326A9}.Debug|x86.ActiveCfg = Debug|Any CPU
		{35846450-BFC6-4886-B93F-5BC582C326A9}.Debug|x86.Build.0 = Debug|Any CPU
		{35846450-BFC6-4886-B93F-5BC582C326A9}.Debug|x86.Deploy.0 = Debug|Any CPU
		{35846450-BFC6-4886-B93F-5BC582C326A9}.Release|Any CPU.ActiveCfg = Release|Any CPU
		{35846450-BFC6-4886-B93F-5BC582C326A9}.Release|Any CPU.Build.0 = Release|Any CPU
		{35846450-BFC6-4886-B93F-5BC582C326A9}.Release|Any CPU.Deploy.0 = Release|Any CPU
		{35846450-BFC6-4886-B93F-5BC582C326A9}.Release|ARM.ActiveCfg = Release|Any CPU
		{35846450-BFC6-4886-B93F-5BC582C326A9}.Release|ARM.Build.0 = Release|Any CPU
		{35846450-BFC6-4886-B93F-5BC582C326A9}.Release|ARM.Deploy.0 = Release|Any CPU
		{35846450-BFC6-4886-B93F-5BC582C326A9}.Release|ARM64.ActiveCfg = Release|Any CPU
		{35846450-BFC6-4886-B93F-5BC582C326A9}.Release|ARM64.Build.0 = Release|Any CPU
		{35846450-BFC6-4886-B93F-5BC582C326A9}.Release|ARM64.Deploy.0 = Release|Any CPU
		{35846450-BFC6-4886-B93F-5BC582C326A9}.Release|iPhone.ActiveCfg = Release|Any CPU
		{35846450-BFC6-4886-B93F-5BC582C326A9}.Release|iPhone.Build.0 = Release|Any CPU
		{35846450-BFC6-4886-B93F-5BC582C326A9}.Release|iPhone.Deploy.0 = Release|Any CPU
		{35846450-BFC6-4886-B93F-5BC582C326A9}.Release|iPhoneSimulator.ActiveCfg = Release|Any CPU
		{35846450-BFC6-4886-B93F-5BC582C326A9}.Release|iPhoneSimulator.Build.0 = Release|Any CPU
		{35846450-BFC6-4886-B93F-5BC582C326A9}.Release|iPhoneSimulator.Deploy.0 = Release|Any CPU
		{35846450-BFC6-4886-B93F-5BC582C326A9}.Release|x64.ActiveCfg = Release|Any CPU
		{35846450-BFC6-4886-B93F-5BC582C326A9}.Release|x64.Build.0 = Release|Any CPU
		{35846450-BFC6-4886-B93F-5BC582C326A9}.Release|x64.Deploy.0 = Release|Any CPU
		{35846450-BFC6-4886-B93F-5BC582C326A9}.Release|x86.ActiveCfg = Release|Any CPU
		{35846450-BFC6-4886-B93F-5BC582C326A9}.Release|x86.Build.0 = Release|Any CPU
		{35846450-BFC6-4886-B93F-5BC582C326A9}.Release|x86.Deploy.0 = Release|Any CPU
		{90D4E1B8-4375-4A31-A5C3-BCA140265A78}.Ad-Hoc|Any CPU.ActiveCfg = Ad-Hoc|iPhone
		{90D4E1B8-4375-4A31-A5C3-BCA140265A78}.Ad-Hoc|ARM.ActiveCfg = Ad-Hoc|iPhone
		{90D4E1B8-4375-4A31-A5C3-BCA140265A78}.Ad-Hoc|ARM64.ActiveCfg = Ad-Hoc|iPhoneSimulator
		{90D4E1B8-4375-4A31-A5C3-BCA140265A78}.Ad-Hoc|iPhone.ActiveCfg = Ad-Hoc|iPhone
		{90D4E1B8-4375-4A31-A5C3-BCA140265A78}.Ad-Hoc|iPhone.Build.0 = Ad-Hoc|iPhone
		{90D4E1B8-4375-4A31-A5C3-BCA140265A78}.Ad-Hoc|iPhoneSimulator.ActiveCfg = Ad-Hoc|iPhoneSimulator
		{90D4E1B8-4375-4A31-A5C3-BCA140265A78}.Ad-Hoc|iPhoneSimulator.Build.0 = Ad-Hoc|iPhoneSimulator
		{90D4E1B8-4375-4A31-A5C3-BCA140265A78}.Ad-Hoc|x64.ActiveCfg = Ad-Hoc|iPhone
		{90D4E1B8-4375-4A31-A5C3-BCA140265A78}.Ad-Hoc|x86.ActiveCfg = Ad-Hoc|iPhone
		{90D4E1B8-4375-4A31-A5C3-BCA140265A78}.AppStore|Any CPU.ActiveCfg = AppStore|iPhone
		{90D4E1B8-4375-4A31-A5C3-BCA140265A78}.AppStore|ARM.ActiveCfg = AppStore|iPhone
		{90D4E1B8-4375-4A31-A5C3-BCA140265A78}.AppStore|ARM64.ActiveCfg = AppStore|iPhoneSimulator
		{90D4E1B8-4375-4A31-A5C3-BCA140265A78}.AppStore|iPhone.ActiveCfg = AppStore|iPhone
		{90D4E1B8-4375-4A31-A5C3-BCA140265A78}.AppStore|iPhone.Build.0 = AppStore|iPhone
		{90D4E1B8-4375-4A31-A5C3-BCA140265A78}.AppStore|iPhoneSimulator.ActiveCfg = AppStore|iPhoneSimulator
		{90D4E1B8-4375-4A31-A5C3-BCA140265A78}.AppStore|iPhoneSimulator.Build.0 = AppStore|iPhoneSimulator
		{90D4E1B8-4375-4A31-A5C3-BCA140265A78}.AppStore|x64.ActiveCfg = AppStore|iPhone
		{90D4E1B8-4375-4A31-A5C3-BCA140265A78}.AppStore|x86.ActiveCfg = AppStore|iPhone
		{90D4E1B8-4375-4A31-A5C3-BCA140265A78}.Debug|Any CPU.ActiveCfg = Debug|iPhone
		{90D4E1B8-4375-4A31-A5C3-BCA140265A78}.Debug|ARM.ActiveCfg = Debug|iPhone
		{90D4E1B8-4375-4A31-A5C3-BCA140265A78}.Debug|ARM64.ActiveCfg = Debug|iPhoneSimulator
		{90D4E1B8-4375-4A31-A5C3-BCA140265A78}.Debug|iPhone.ActiveCfg = Debug|iPhone
		{90D4E1B8-4375-4A31-A5C3-BCA140265A78}.Debug|iPhone.Build.0 = Debug|iPhone
		{90D4E1B8-4375-4A31-A5C3-BCA140265A78}.Debug|iPhoneSimulator.ActiveCfg = Debug|iPhoneSimulator
		{90D4E1B8-4375-4A31-A5C3-BCA140265A78}.Debug|iPhoneSimulator.Build.0 = Debug|iPhoneSimulator
		{90D4E1B8-4375-4A31-A5C3-BCA140265A78}.Debug|x64.ActiveCfg = Debug|iPhone
		{90D4E1B8-4375-4A31-A5C3-BCA140265A78}.Debug|x86.ActiveCfg = Debug|iPhone
		{90D4E1B8-4375-4A31-A5C3-BCA140265A78}.Release|Any CPU.ActiveCfg = Release|iPhone
		{90D4E1B8-4375-4A31-A5C3-BCA140265A78}.Release|ARM.ActiveCfg = Release|iPhone
		{90D4E1B8-4375-4A31-A5C3-BCA140265A78}.Release|ARM64.ActiveCfg = Release|iPhoneSimulator
		{90D4E1B8-4375-4A31-A5C3-BCA140265A78}.Release|iPhone.ActiveCfg = Release|iPhone
		{90D4E1B8-4375-4A31-A5C3-BCA140265A78}.Release|iPhone.Build.0 = Release|iPhone
		{90D4E1B8-4375-4A31-A5C3-BCA140265A78}.Release|iPhoneSimulator.ActiveCfg = Release|iPhoneSimulator
		{90D4E1B8-4375-4A31-A5C3-BCA140265A78}.Release|iPhoneSimulator.Build.0 = Release|iPhoneSimulator
		{90D4E1B8-4375-4A31-A5C3-BCA140265A78}.Release|x64.ActiveCfg = Release|iPhone
		{90D4E1B8-4375-4A31-A5C3-BCA140265A78}.Release|x86.ActiveCfg = Release|iPhone
		{8A42F6E0-07F6-4AB1-A070-C8F7BFF09F0A}.Ad-Hoc|Any CPU.ActiveCfg = Release|x86
		{8A42F6E0-07F6-4AB1-A070-C8F7BFF09F0A}.Ad-Hoc|Any CPU.Build.0 = Release|x86
		{8A42F6E0-07F6-4AB1-A070-C8F7BFF09F0A}.Ad-Hoc|Any CPU.Deploy.0 = Release|x86
		{8A42F6E0-07F6-4AB1-A070-C8F7BFF09F0A}.Ad-Hoc|ARM.ActiveCfg = Release|ARM
		{8A42F6E0-07F6-4AB1-A070-C8F7BFF09F0A}.Ad-Hoc|ARM.Build.0 = Release|ARM
		{8A42F6E0-07F6-4AB1-A070-C8F7BFF09F0A}.Ad-Hoc|ARM.Deploy.0 = Release|ARM
		{8A42F6E0-07F6-4AB1-A070-C8F7BFF09F0A}.Ad-Hoc|ARM64.ActiveCfg = Release|ARM64
		{8A42F6E0-07F6-4AB1-A070-C8F7BFF09F0A}.Ad-Hoc|ARM64.Build.0 = Release|ARM64
		{8A42F6E0-07F6-4AB1-A070-C8F7BFF09F0A}.Ad-Hoc|ARM64.Deploy.0 = Release|ARM64
		{8A42F6E0-07F6-4AB1-A070-C8F7BFF09F0A}.Ad-Hoc|iPhone.ActiveCfg = Release|x86
		{8A42F6E0-07F6-4AB1-A070-C8F7BFF09F0A}.Ad-Hoc|iPhone.Build.0 = Release|x86
		{8A42F6E0-07F6-4AB1-A070-C8F7BFF09F0A}.Ad-Hoc|iPhone.Deploy.0 = Release|x86
		{8A42F6E0-07F6-4AB1-A070-C8F7BFF09F0A}.Ad-Hoc|iPhoneSimulator.ActiveCfg = Release|x86
		{8A42F6E0-07F6-4AB1-A070-C8F7BFF09F0A}.Ad-Hoc|iPhoneSimulator.Build.0 = Release|x86
		{8A42F6E0-07F6-4AB1-A070-C8F7BFF09F0A}.Ad-Hoc|iPhoneSimulator.Deploy.0 = Release|x86
		{8A42F6E0-07F6-4AB1-A070-C8F7BFF09F0A}.Ad-Hoc|x64.ActiveCfg = Release|x64
		{8A42F6E0-07F6-4AB1-A070-C8F7BFF09F0A}.Ad-Hoc|x64.Build.0 = Release|x64
		{8A42F6E0-07F6-4AB1-A070-C8F7BFF09F0A}.Ad-Hoc|x64.Deploy.0 = Release|x64
		{8A42F6E0-07F6-4AB1-A070-C8F7BFF09F0A}.Ad-Hoc|x86.ActiveCfg = Release|x86
		{8A42F6E0-07F6-4AB1-A070-C8F7BFF09F0A}.Ad-Hoc|x86.Build.0 = Release|x86
		{8A42F6E0-07F6-4AB1-A070-C8F7BFF09F0A}.Ad-Hoc|x86.Deploy.0 = Release|x86
		{8A42F6E0-07F6-4AB1-A070-C8F7BFF09F0A}.AppStore|Any CPU.ActiveCfg = Release|x86
		{8A42F6E0-07F6-4AB1-A070-C8F7BFF09F0A}.AppStore|Any CPU.Build.0 = Release|x86
		{8A42F6E0-07F6-4AB1-A070-C8F7BFF09F0A}.AppStore|Any CPU.Deploy.0 = Release|x86
		{8A42F6E0-07F6-4AB1-A070-C8F7BFF09F0A}.AppStore|ARM.ActiveCfg = Release|ARM
		{8A42F6E0-07F6-4AB1-A070-C8F7BFF09F0A}.AppStore|ARM.Build.0 = Release|ARM
		{8A42F6E0-07F6-4AB1-A070-C8F7BFF09F0A}.AppStore|ARM.Deploy.0 = Release|ARM
		{8A42F6E0-07F6-4AB1-A070-C8F7BFF09F0A}.AppStore|ARM64.ActiveCfg = Release|ARM64
		{8A42F6E0-07F6-4AB1-A070-C8F7BFF09F0A}.AppStore|ARM64.Build.0 = Release|ARM64
		{8A42F6E0-07F6-4AB1-A070-C8F7BFF09F0A}.AppStore|ARM64.Deploy.0 = Release|ARM64
		{8A42F6E0-07F6-4AB1-A070-C8F7BFF09F0A}.AppStore|iPhone.ActiveCfg = Release|x86
		{8A42F6E0-07F6-4AB1-A070-C8F7BFF09F0A}.AppStore|iPhone.Build.0 = Release|x86
		{8A42F6E0-07F6-4AB1-A070-C8F7BFF09F0A}.AppStore|iPhone.Deploy.0 = Release|x86
		{8A42F6E0-07F6-4AB1-A070-C8F7BFF09F0A}.AppStore|iPhoneSimulator.ActiveCfg = Release|x86
		{8A42F6E0-07F6-4AB1-A070-C8F7BFF09F0A}.AppStore|iPhoneSimulator.Build.0 = Release|x86
		{8A42F6E0-07F6-4AB1-A070-C8F7BFF09F0A}.AppStore|iPhoneSimulator.Deploy.0 = Release|x86
		{8A42F6E0-07F6-4AB1-A070-C8F7BFF09F0A}.AppStore|x64.ActiveCfg = Release|x64
		{8A42F6E0-07F6-4AB1-A070-C8F7BFF09F0A}.AppStore|x64.Build.0 = Release|x64
		{8A42F6E0-07F6-4AB1-A070-C8F7BFF09F0A}.AppStore|x64.Deploy.0 = Release|x64
		{8A42F6E0-07F6-4AB1-A070-C8F7BFF09F0A}.AppStore|x86.ActiveCfg = Release|x86
		{8A42F6E0-07F6-4AB1-A070-C8F7BFF09F0A}.AppStore|x86.Build.0 = Release|x86
		{8A42F6E0-07F6-4AB1-A070-C8F7BFF09F0A}.AppStore|x86.Deploy.0 = Release|x86
		{8A42F6E0-07F6-4AB1-A070-C8F7BFF09F0A}.Debug|Any CPU.ActiveCfg = Debug|x86
		{8A42F6E0-07F6-4AB1-A070-C8F7BFF09F0A}.Debug|Any CPU.Build.0 = Debug|x86
		{8A42F6E0-07F6-4AB1-A070-C8F7BFF09F0A}.Debug|Any CPU.Deploy.0 = Debug|x86
		{8A42F6E0-07F6-4AB1-A070-C8F7BFF09F0A}.Debug|ARM.ActiveCfg = Debug|ARM
		{8A42F6E0-07F6-4AB1-A070-C8F7BFF09F0A}.Debug|ARM.Build.0 = Debug|ARM
		{8A42F6E0-07F6-4AB1-A070-C8F7BFF09F0A}.Debug|ARM.Deploy.0 = Debug|ARM
		{8A42F6E0-07F6-4AB1-A070-C8F7BFF09F0A}.Debug|ARM64.ActiveCfg = Debug|ARM64
		{8A42F6E0-07F6-4AB1-A070-C8F7BFF09F0A}.Debug|ARM64.Build.0 = Debug|ARM64
		{8A42F6E0-07F6-4AB1-A070-C8F7BFF09F0A}.Debug|ARM64.Deploy.0 = Debug|ARM64
		{8A42F6E0-07F6-4AB1-A070-C8F7BFF09F0A}.Debug|iPhone.ActiveCfg = Debug|x86
		{8A42F6E0-07F6-4AB1-A070-C8F7BFF09F0A}.Debug|iPhoneSimulator.ActiveCfg = Debug|x86
		{8A42F6E0-07F6-4AB1-A070-C8F7BFF09F0A}.Debug|x64.ActiveCfg = Debug|x64
		{8A42F6E0-07F6-4AB1-A070-C8F7BFF09F0A}.Debug|x64.Build.0 = Debug|x64
		{8A42F6E0-07F6-4AB1-A070-C8F7BFF09F0A}.Debug|x64.Deploy.0 = Debug|x64
		{8A42F6E0-07F6-4AB1-A070-C8F7BFF09F0A}.Debug|x86.ActiveCfg = Debug|x86
		{8A42F6E0-07F6-4AB1-A070-C8F7BFF09F0A}.Debug|x86.Build.0 = Debug|x86
		{8A42F6E0-07F6-4AB1-A070-C8F7BFF09F0A}.Debug|x86.Deploy.0 = Debug|x86
		{8A42F6E0-07F6-4AB1-A070-C8F7BFF09F0A}.Release|Any CPU.ActiveCfg = Release|x86
		{8A42F6E0-07F6-4AB1-A070-C8F7BFF09F0A}.Release|ARM.ActiveCfg = Release|ARM
		{8A42F6E0-07F6-4AB1-A070-C8F7BFF09F0A}.Release|ARM.Build.0 = Release|ARM
		{8A42F6E0-07F6-4AB1-A070-C8F7BFF09F0A}.Release|ARM.Deploy.0 = Release|ARM
		{8A42F6E0-07F6-4AB1-A070-C8F7BFF09F0A}.Release|ARM64.ActiveCfg = Release|ARM64
		{8A42F6E0-07F6-4AB1-A070-C8F7BFF09F0A}.Release|ARM64.Build.0 = Release|ARM64
		{8A42F6E0-07F6-4AB1-A070-C8F7BFF09F0A}.Release|ARM64.Deploy.0 = Release|ARM64
		{8A42F6E0-07F6-4AB1-A070-C8F7BFF09F0A}.Release|iPhone.ActiveCfg = Release|x86
		{8A42F6E0-07F6-4AB1-A070-C8F7BFF09F0A}.Release|iPhoneSimulator.ActiveCfg = Release|x86
		{8A42F6E0-07F6-4AB1-A070-C8F7BFF09F0A}.Release|x64.ActiveCfg = Release|x64
		{8A42F6E0-07F6-4AB1-A070-C8F7BFF09F0A}.Release|x64.Build.0 = Release|x64
		{8A42F6E0-07F6-4AB1-A070-C8F7BFF09F0A}.Release|x64.Deploy.0 = Release|x64
		{8A42F6E0-07F6-4AB1-A070-C8F7BFF09F0A}.Release|x86.ActiveCfg = Release|x86
		{8A42F6E0-07F6-4AB1-A070-C8F7BFF09F0A}.Release|x86.Build.0 = Release|x86
		{8A42F6E0-07F6-4AB1-A070-C8F7BFF09F0A}.Release|x86.Deploy.0 = Release|x86
		{F45A94EB-EB07-42DF-A8F7-48B8B06F3679}.Ad-Hoc|Any CPU.ActiveCfg = Debug|Any CPU
		{F45A94EB-EB07-42DF-A8F7-48B8B06F3679}.Ad-Hoc|Any CPU.Build.0 = Debug|Any CPU
		{F45A94EB-EB07-42DF-A8F7-48B8B06F3679}.Ad-Hoc|ARM.ActiveCfg = Debug|Any CPU
		{F45A94EB-EB07-42DF-A8F7-48B8B06F3679}.Ad-Hoc|ARM.Build.0 = Debug|Any CPU
		{F45A94EB-EB07-42DF-A8F7-48B8B06F3679}.Ad-Hoc|ARM64.ActiveCfg = Release|Any CPU
		{F45A94EB-EB07-42DF-A8F7-48B8B06F3679}.Ad-Hoc|ARM64.Build.0 = Release|Any CPU
		{F45A94EB-EB07-42DF-A8F7-48B8B06F3679}.Ad-Hoc|iPhone.ActiveCfg = Debug|Any CPU
		{F45A94EB-EB07-42DF-A8F7-48B8B06F3679}.Ad-Hoc|iPhone.Build.0 = Debug|Any CPU
		{F45A94EB-EB07-42DF-A8F7-48B8B06F3679}.Ad-Hoc|iPhoneSimulator.ActiveCfg = Debug|Any CPU
		{F45A94EB-EB07-42DF-A8F7-48B8B06F3679}.Ad-Hoc|iPhoneSimulator.Build.0 = Debug|Any CPU
		{F45A94EB-EB07-42DF-A8F7-48B8B06F3679}.Ad-Hoc|x64.ActiveCfg = Debug|Any CPU
		{F45A94EB-EB07-42DF-A8F7-48B8B06F3679}.Ad-Hoc|x64.Build.0 = Debug|Any CPU
		{F45A94EB-EB07-42DF-A8F7-48B8B06F3679}.Ad-Hoc|x86.ActiveCfg = Debug|Any CPU
		{F45A94EB-EB07-42DF-A8F7-48B8B06F3679}.Ad-Hoc|x86.Build.0 = Debug|Any CPU
		{F45A94EB-EB07-42DF-A8F7-48B8B06F3679}.AppStore|Any CPU.ActiveCfg = Debug|Any CPU
		{F45A94EB-EB07-42DF-A8F7-48B8B06F3679}.AppStore|Any CPU.Build.0 = Debug|Any CPU
		{F45A94EB-EB07-42DF-A8F7-48B8B06F3679}.AppStore|ARM.ActiveCfg = Debug|Any CPU
		{F45A94EB-EB07-42DF-A8F7-48B8B06F3679}.AppStore|ARM.Build.0 = Debug|Any CPU
		{F45A94EB-EB07-42DF-A8F7-48B8B06F3679}.AppStore|ARM64.ActiveCfg = Release|Any CPU
		{F45A94EB-EB07-42DF-A8F7-48B8B06F3679}.AppStore|ARM64.Build.0 = Release|Any CPU
		{F45A94EB-EB07-42DF-A8F7-48B8B06F3679}.AppStore|iPhone.ActiveCfg = Debug|Any CPU
		{F45A94EB-EB07-42DF-A8F7-48B8B06F3679}.AppStore|iPhone.Build.0 = Debug|Any CPU
		{F45A94EB-EB07-42DF-A8F7-48B8B06F3679}.AppStore|iPhoneSimulator.ActiveCfg = Debug|Any CPU
		{F45A94EB-EB07-42DF-A8F7-48B8B06F3679}.AppStore|iPhoneSimulator.Build.0 = Debug|Any CPU
		{F45A94EB-EB07-42DF-A8F7-48B8B06F3679}.AppStore|x64.ActiveCfg = Debug|Any CPU
		{F45A94EB-EB07-42DF-A8F7-48B8B06F3679}.AppStore|x64.Build.0 = Debug|Any CPU
		{F45A94EB-EB07-42DF-A8F7-48B8B06F3679}.AppStore|x86.ActiveCfg = Debug|Any CPU
		{F45A94EB-EB07-42DF-A8F7-48B8B06F3679}.AppStore|x86.Build.0 = Debug|Any CPU
		{F45A94EB-EB07-42DF-A8F7-48B8B06F3679}.Debug|Any CPU.ActiveCfg = Debug|Any CPU
		{F45A94EB-EB07-42DF-A8F7-48B8B06F3679}.Debug|Any CPU.Build.0 = Debug|Any CPU
		{F45A94EB-EB07-42DF-A8F7-48B8B06F3679}.Debug|ARM.ActiveCfg = Debug|Any CPU
		{F45A94EB-EB07-42DF-A8F7-48B8B06F3679}.Debug|ARM.Build.0 = Debug|Any CPU
		{F45A94EB-EB07-42DF-A8F7-48B8B06F3679}.Debug|ARM64.ActiveCfg = Debug|Any CPU
		{F45A94EB-EB07-42DF-A8F7-48B8B06F3679}.Debug|ARM64.Build.0 = Debug|Any CPU
		{F45A94EB-EB07-42DF-A8F7-48B8B06F3679}.Debug|iPhone.ActiveCfg = Debug|Any CPU
		{F45A94EB-EB07-42DF-A8F7-48B8B06F3679}.Debug|iPhone.Build.0 = Debug|Any CPU
		{F45A94EB-EB07-42DF-A8F7-48B8B06F3679}.Debug|iPhoneSimulator.ActiveCfg = Debug|Any CPU
		{F45A94EB-EB07-42DF-A8F7-48B8B06F3679}.Debug|iPhoneSimulator.Build.0 = Debug|Any CPU
		{F45A94EB-EB07-42DF-A8F7-48B8B06F3679}.Debug|x64.ActiveCfg = Debug|Any CPU
		{F45A94EB-EB07-42DF-A8F7-48B8B06F3679}.Debug|x64.Build.0 = Debug|Any CPU
		{F45A94EB-EB07-42DF-A8F7-48B8B06F3679}.Debug|x86.ActiveCfg = Debug|Any CPU
		{F45A94EB-EB07-42DF-A8F7-48B8B06F3679}.Debug|x86.Build.0 = Debug|Any CPU
		{F45A94EB-EB07-42DF-A8F7-48B8B06F3679}.Release|Any CPU.ActiveCfg = Release|Any CPU
		{F45A94EB-EB07-42DF-A8F7-48B8B06F3679}.Release|Any CPU.Build.0 = Release|Any CPU
		{F45A94EB-EB07-42DF-A8F7-48B8B06F3679}.Release|ARM.ActiveCfg = Release|Any CPU
		{F45A94EB-EB07-42DF-A8F7-48B8B06F3679}.Release|ARM.Build.0 = Release|Any CPU
		{F45A94EB-EB07-42DF-A8F7-48B8B06F3679}.Release|ARM64.ActiveCfg = Release|Any CPU
		{F45A94EB-EB07-42DF-A8F7-48B8B06F3679}.Release|ARM64.Build.0 = Release|Any CPU
		{F45A94EB-EB07-42DF-A8F7-48B8B06F3679}.Release|iPhone.ActiveCfg = Release|Any CPU
		{F45A94EB-EB07-42DF-A8F7-48B8B06F3679}.Release|iPhone.Build.0 = Release|Any CPU
		{F45A94EB-EB07-42DF-A8F7-48B8B06F3679}.Release|iPhoneSimulator.ActiveCfg = Release|Any CPU
		{F45A94EB-EB07-42DF-A8F7-48B8B06F3679}.Release|iPhoneSimulator.Build.0 = Release|Any CPU
		{F45A94EB-EB07-42DF-A8F7-48B8B06F3679}.Release|x64.ActiveCfg = Release|Any CPU
		{F45A94EB-EB07-42DF-A8F7-48B8B06F3679}.Release|x64.Build.0 = Release|Any CPU
		{F45A94EB-EB07-42DF-A8F7-48B8B06F3679}.Release|x86.ActiveCfg = Release|Any CPU
		{F45A94EB-EB07-42DF-A8F7-48B8B06F3679}.Release|x86.Build.0 = Release|Any CPU
		{B9339BE9-FE61-4F8E-8E10-35B43EF67C90}.Ad-Hoc|Any CPU.ActiveCfg = Release|Any CPU
		{B9339BE9-FE61-4F8E-8E10-35B43EF67C90}.Ad-Hoc|Any CPU.Build.0 = Release|Any CPU
		{B9339BE9-FE61-4F8E-8E10-35B43EF67C90}.Ad-Hoc|ARM.ActiveCfg = Release|ARM
		{B9339BE9-FE61-4F8E-8E10-35B43EF67C90}.Ad-Hoc|ARM.Build.0 = Release|ARM
		{B9339BE9-FE61-4F8E-8E10-35B43EF67C90}.Ad-Hoc|ARM64.ActiveCfg = Release|ARM64
		{B9339BE9-FE61-4F8E-8E10-35B43EF67C90}.Ad-Hoc|ARM64.Build.0 = Release|ARM64
		{B9339BE9-FE61-4F8E-8E10-35B43EF67C90}.Ad-Hoc|iPhone.ActiveCfg = Release|Any CPU
		{B9339BE9-FE61-4F8E-8E10-35B43EF67C90}.Ad-Hoc|iPhone.Build.0 = Release|Any CPU
		{B9339BE9-FE61-4F8E-8E10-35B43EF67C90}.Ad-Hoc|iPhoneSimulator.ActiveCfg = Release|Any CPU
		{B9339BE9-FE61-4F8E-8E10-35B43EF67C90}.Ad-Hoc|iPhoneSimulator.Build.0 = Release|Any CPU
		{B9339BE9-FE61-4F8E-8E10-35B43EF67C90}.Ad-Hoc|x64.ActiveCfg = Release|x64
		{B9339BE9-FE61-4F8E-8E10-35B43EF67C90}.Ad-Hoc|x64.Build.0 = Release|x64
		{B9339BE9-FE61-4F8E-8E10-35B43EF67C90}.Ad-Hoc|x86.ActiveCfg = Release|x86
		{B9339BE9-FE61-4F8E-8E10-35B43EF67C90}.Ad-Hoc|x86.Build.0 = Release|x86
		{B9339BE9-FE61-4F8E-8E10-35B43EF67C90}.AppStore|Any CPU.ActiveCfg = Release|Any CPU
		{B9339BE9-FE61-4F8E-8E10-35B43EF67C90}.AppStore|Any CPU.Build.0 = Release|Any CPU
		{B9339BE9-FE61-4F8E-8E10-35B43EF67C90}.AppStore|ARM.ActiveCfg = Release|ARM
		{B9339BE9-FE61-4F8E-8E10-35B43EF67C90}.AppStore|ARM.Build.0 = Release|ARM
		{B9339BE9-FE61-4F8E-8E10-35B43EF67C90}.AppStore|ARM64.ActiveCfg = Release|ARM64
		{B9339BE9-FE61-4F8E-8E10-35B43EF67C90}.AppStore|ARM64.Build.0 = Release|ARM64
		{B9339BE9-FE61-4F8E-8E10-35B43EF67C90}.AppStore|iPhone.ActiveCfg = Release|Any CPU
		{B9339BE9-FE61-4F8E-8E10-35B43EF67C90}.AppStore|iPhone.Build.0 = Release|Any CPU
		{B9339BE9-FE61-4F8E-8E10-35B43EF67C90}.AppStore|iPhoneSimulator.ActiveCfg = Release|Any CPU
		{B9339BE9-FE61-4F8E-8E10-35B43EF67C90}.AppStore|iPhoneSimulator.Build.0 = Release|Any CPU
		{B9339BE9-FE61-4F8E-8E10-35B43EF67C90}.AppStore|x64.ActiveCfg = Release|x64
		{B9339BE9-FE61-4F8E-8E10-35B43EF67C90}.AppStore|x64.Build.0 = Release|x64
		{B9339BE9-FE61-4F8E-8E10-35B43EF67C90}.AppStore|x86.ActiveCfg = Release|x86
		{B9339BE9-FE61-4F8E-8E10-35B43EF67C90}.AppStore|x86.Build.0 = Release|x86
		{B9339BE9-FE61-4F8E-8E10-35B43EF67C90}.Debug|Any CPU.ActiveCfg = Debug|Any CPU
		{B9339BE9-FE61-4F8E-8E10-35B43EF67C90}.Debug|Any CPU.Build.0 = Debug|Any CPU
		{B9339BE9-FE61-4F8E-8E10-35B43EF67C90}.Debug|ARM.ActiveCfg = Debug|ARM
		{B9339BE9-FE61-4F8E-8E10-35B43EF67C90}.Debug|ARM.Build.0 = Debug|ARM
		{B9339BE9-FE61-4F8E-8E10-35B43EF67C90}.Debug|ARM64.ActiveCfg = Debug|ARM64
		{B9339BE9-FE61-4F8E-8E10-35B43EF67C90}.Debug|ARM64.Build.0 = Debug|ARM64
		{B9339BE9-FE61-4F8E-8E10-35B43EF67C90}.Debug|iPhone.ActiveCfg = Debug|Any CPU
		{B9339BE9-FE61-4F8E-8E10-35B43EF67C90}.Debug|iPhone.Build.0 = Debug|Any CPU
		{B9339BE9-FE61-4F8E-8E10-35B43EF67C90}.Debug|iPhoneSimulator.ActiveCfg = Debug|Any CPU
		{B9339BE9-FE61-4F8E-8E10-35B43EF67C90}.Debug|iPhoneSimulator.Build.0 = Debug|Any CPU
		{B9339BE9-FE61-4F8E-8E10-35B43EF67C90}.Debug|x64.ActiveCfg = Debug|x64
		{B9339BE9-FE61-4F8E-8E10-35B43EF67C90}.Debug|x64.Build.0 = Debug|x64
		{B9339BE9-FE61-4F8E-8E10-35B43EF67C90}.Debug|x86.ActiveCfg = Debug|x86
		{B9339BE9-FE61-4F8E-8E10-35B43EF67C90}.Debug|x86.Build.0 = Debug|x86
		{B9339BE9-FE61-4F8E-8E10-35B43EF67C90}.Release|Any CPU.ActiveCfg = Release|Any CPU
		{B9339BE9-FE61-4F8E-8E10-35B43EF67C90}.Release|Any CPU.Build.0 = Release|Any CPU
		{B9339BE9-FE61-4F8E-8E10-35B43EF67C90}.Release|ARM.ActiveCfg = Release|ARM
		{B9339BE9-FE61-4F8E-8E10-35B43EF67C90}.Release|ARM.Build.0 = Release|ARM
		{B9339BE9-FE61-4F8E-8E10-35B43EF67C90}.Release|ARM64.ActiveCfg = Release|ARM64
		{B9339BE9-FE61-4F8E-8E10-35B43EF67C90}.Release|ARM64.Build.0 = Release|ARM64
		{B9339BE9-FE61-4F8E-8E10-35B43EF67C90}.Release|iPhone.ActiveCfg = Release|Any CPU
		{B9339BE9-FE61-4F8E-8E10-35B43EF67C90}.Release|iPhone.Build.0 = Release|Any CPU
		{B9339BE9-FE61-4F8E-8E10-35B43EF67C90}.Release|iPhoneSimulator.ActiveCfg = Release|Any CPU
		{B9339BE9-FE61-4F8E-8E10-35B43EF67C90}.Release|iPhoneSimulator.Build.0 = Release|Any CPU
		{B9339BE9-FE61-4F8E-8E10-35B43EF67C90}.Release|x64.ActiveCfg = Release|x64
		{B9339BE9-FE61-4F8E-8E10-35B43EF67C90}.Release|x64.Build.0 = Release|x64
		{B9339BE9-FE61-4F8E-8E10-35B43EF67C90}.Release|x86.ActiveCfg = Release|x86
		{B9339BE9-FE61-4F8E-8E10-35B43EF67C90}.Release|x86.Build.0 = Release|x86
		{160A68DC-BB5E-4768-A913-6447E2B5A1F7}.Ad-Hoc|Any CPU.ActiveCfg = Release|x64
		{160A68DC-BB5E-4768-A913-6447E2B5A1F7}.Ad-Hoc|Any CPU.Build.0 = Release|x64
		{160A68DC-BB5E-4768-A913-6447E2B5A1F7}.Ad-Hoc|Any CPU.Deploy.0 = Release|x64
		{160A68DC-BB5E-4768-A913-6447E2B5A1F7}.Ad-Hoc|ARM.ActiveCfg = Release|ARM
		{160A68DC-BB5E-4768-A913-6447E2B5A1F7}.Ad-Hoc|ARM.Build.0 = Release|ARM
		{160A68DC-BB5E-4768-A913-6447E2B5A1F7}.Ad-Hoc|ARM.Deploy.0 = Release|ARM
		{160A68DC-BB5E-4768-A913-6447E2B5A1F7}.Ad-Hoc|ARM64.ActiveCfg = Release|ARM64
		{160A68DC-BB5E-4768-A913-6447E2B5A1F7}.Ad-Hoc|ARM64.Build.0 = Release|ARM64
		{160A68DC-BB5E-4768-A913-6447E2B5A1F7}.Ad-Hoc|ARM64.Deploy.0 = Release|ARM64
		{160A68DC-BB5E-4768-A913-6447E2B5A1F7}.Ad-Hoc|iPhone.ActiveCfg = Release|x64
		{160A68DC-BB5E-4768-A913-6447E2B5A1F7}.Ad-Hoc|iPhone.Build.0 = Release|x64
		{160A68DC-BB5E-4768-A913-6447E2B5A1F7}.Ad-Hoc|iPhone.Deploy.0 = Release|x64
		{160A68DC-BB5E-4768-A913-6447E2B5A1F7}.Ad-Hoc|iPhoneSimulator.ActiveCfg = Release|x64
		{160A68DC-BB5E-4768-A913-6447E2B5A1F7}.Ad-Hoc|iPhoneSimulator.Build.0 = Release|x64
		{160A68DC-BB5E-4768-A913-6447E2B5A1F7}.Ad-Hoc|iPhoneSimulator.Deploy.0 = Release|x64
		{160A68DC-BB5E-4768-A913-6447E2B5A1F7}.Ad-Hoc|x64.ActiveCfg = Release|x64
		{160A68DC-BB5E-4768-A913-6447E2B5A1F7}.Ad-Hoc|x64.Build.0 = Release|x64
		{160A68DC-BB5E-4768-A913-6447E2B5A1F7}.Ad-Hoc|x64.Deploy.0 = Release|x64
		{160A68DC-BB5E-4768-A913-6447E2B5A1F7}.Ad-Hoc|x86.ActiveCfg = Release|x86
		{160A68DC-BB5E-4768-A913-6447E2B5A1F7}.Ad-Hoc|x86.Build.0 = Release|x86
		{160A68DC-BB5E-4768-A913-6447E2B5A1F7}.Ad-Hoc|x86.Deploy.0 = Release|x86
		{160A68DC-BB5E-4768-A913-6447E2B5A1F7}.AppStore|Any CPU.ActiveCfg = Release|x64
		{160A68DC-BB5E-4768-A913-6447E2B5A1F7}.AppStore|Any CPU.Build.0 = Release|x64
		{160A68DC-BB5E-4768-A913-6447E2B5A1F7}.AppStore|Any CPU.Deploy.0 = Release|x64
		{160A68DC-BB5E-4768-A913-6447E2B5A1F7}.AppStore|ARM.ActiveCfg = Release|ARM
		{160A68DC-BB5E-4768-A913-6447E2B5A1F7}.AppStore|ARM.Build.0 = Release|ARM
		{160A68DC-BB5E-4768-A913-6447E2B5A1F7}.AppStore|ARM.Deploy.0 = Release|ARM
		{160A68DC-BB5E-4768-A913-6447E2B5A1F7}.AppStore|ARM64.ActiveCfg = Release|ARM64
		{160A68DC-BB5E-4768-A913-6447E2B5A1F7}.AppStore|ARM64.Build.0 = Release|ARM64
		{160A68DC-BB5E-4768-A913-6447E2B5A1F7}.AppStore|ARM64.Deploy.0 = Release|ARM64
		{160A68DC-BB5E-4768-A913-6447E2B5A1F7}.AppStore|iPhone.ActiveCfg = Release|x64
		{160A68DC-BB5E-4768-A913-6447E2B5A1F7}.AppStore|iPhone.Build.0 = Release|x64
		{160A68DC-BB5E-4768-A913-6447E2B5A1F7}.AppStore|iPhone.Deploy.0 = Release|x64
		{160A68DC-BB5E-4768-A913-6447E2B5A1F7}.AppStore|iPhoneSimulator.ActiveCfg = Release|x64
		{160A68DC-BB5E-4768-A913-6447E2B5A1F7}.AppStore|iPhoneSimulator.Build.0 = Release|x64
		{160A68DC-BB5E-4768-A913-6447E2B5A1F7}.AppStore|iPhoneSimulator.Deploy.0 = Release|x64
		{160A68DC-BB5E-4768-A913-6447E2B5A1F7}.AppStore|x64.ActiveCfg = Release|x64
		{160A68DC-BB5E-4768-A913-6447E2B5A1F7}.AppStore|x64.Build.0 = Release|x64
		{160A68DC-BB5E-4768-A913-6447E2B5A1F7}.AppStore|x64.Deploy.0 = Release|x64
		{160A68DC-BB5E-4768-A913-6447E2B5A1F7}.AppStore|x86.ActiveCfg = Release|x86
		{160A68DC-BB5E-4768-A913-6447E2B5A1F7}.AppStore|x86.Build.0 = Release|x86
		{160A68DC-BB5E-4768-A913-6447E2B5A1F7}.AppStore|x86.Deploy.0 = Release|x86
		{160A68DC-BB5E-4768-A913-6447E2B5A1F7}.Debug|Any CPU.ActiveCfg = Debug|x86
		{160A68DC-BB5E-4768-A913-6447E2B5A1F7}.Debug|Any CPU.Build.0 = Debug|x86
		{160A68DC-BB5E-4768-A913-6447E2B5A1F7}.Debug|Any CPU.Deploy.0 = Debug|x86
		{160A68DC-BB5E-4768-A913-6447E2B5A1F7}.Debug|ARM.ActiveCfg = Debug|ARM
		{160A68DC-BB5E-4768-A913-6447E2B5A1F7}.Debug|ARM.Build.0 = Debug|ARM
		{160A68DC-BB5E-4768-A913-6447E2B5A1F7}.Debug|ARM.Deploy.0 = Debug|ARM
		{160A68DC-BB5E-4768-A913-6447E2B5A1F7}.Debug|ARM64.ActiveCfg = Debug|ARM64
		{160A68DC-BB5E-4768-A913-6447E2B5A1F7}.Debug|ARM64.Build.0 = Debug|ARM64
		{160A68DC-BB5E-4768-A913-6447E2B5A1F7}.Debug|ARM64.Deploy.0 = Debug|ARM64
		{160A68DC-BB5E-4768-A913-6447E2B5A1F7}.Debug|iPhone.ActiveCfg = Debug|x86
		{160A68DC-BB5E-4768-A913-6447E2B5A1F7}.Debug|iPhoneSimulator.ActiveCfg = Debug|x86
		{160A68DC-BB5E-4768-A913-6447E2B5A1F7}.Debug|x64.ActiveCfg = Debug|x64
		{160A68DC-BB5E-4768-A913-6447E2B5A1F7}.Debug|x64.Build.0 = Debug|x64
		{160A68DC-BB5E-4768-A913-6447E2B5A1F7}.Debug|x64.Deploy.0 = Debug|x64
		{160A68DC-BB5E-4768-A913-6447E2B5A1F7}.Debug|x86.ActiveCfg = Debug|x86
		{160A68DC-BB5E-4768-A913-6447E2B5A1F7}.Debug|x86.Build.0 = Debug|x86
		{160A68DC-BB5E-4768-A913-6447E2B5A1F7}.Debug|x86.Deploy.0 = Debug|x86
		{160A68DC-BB5E-4768-A913-6447E2B5A1F7}.Release|Any CPU.ActiveCfg = Release|x86
		{160A68DC-BB5E-4768-A913-6447E2B5A1F7}.Release|ARM.ActiveCfg = Release|ARM
		{160A68DC-BB5E-4768-A913-6447E2B5A1F7}.Release|ARM.Build.0 = Release|ARM
		{160A68DC-BB5E-4768-A913-6447E2B5A1F7}.Release|ARM.Deploy.0 = Release|ARM
		{160A68DC-BB5E-4768-A913-6447E2B5A1F7}.Release|ARM64.ActiveCfg = Release|ARM64
		{160A68DC-BB5E-4768-A913-6447E2B5A1F7}.Release|ARM64.Build.0 = Release|ARM64
		{160A68DC-BB5E-4768-A913-6447E2B5A1F7}.Release|ARM64.Deploy.0 = Release|ARM64
		{160A68DC-BB5E-4768-A913-6447E2B5A1F7}.Release|iPhone.ActiveCfg = Release|x86
		{160A68DC-BB5E-4768-A913-6447E2B5A1F7}.Release|iPhoneSimulator.ActiveCfg = Release|x86
		{160A68DC-BB5E-4768-A913-6447E2B5A1F7}.Release|x64.ActiveCfg = Release|x64
		{160A68DC-BB5E-4768-A913-6447E2B5A1F7}.Release|x64.Build.0 = Release|x64
		{160A68DC-BB5E-4768-A913-6447E2B5A1F7}.Release|x64.Deploy.0 = Release|x64
		{160A68DC-BB5E-4768-A913-6447E2B5A1F7}.Release|x86.ActiveCfg = Release|x86
		{160A68DC-BB5E-4768-A913-6447E2B5A1F7}.Release|x86.Build.0 = Release|x86
		{160A68DC-BB5E-4768-A913-6447E2B5A1F7}.Release|x86.Deploy.0 = Release|x86
		{D9140246-69F9-433B-9F40-908C67713F39}.Ad-Hoc|Any CPU.ActiveCfg = Debug|Any CPU
		{D9140246-69F9-433B-9F40-908C67713F39}.Ad-Hoc|Any CPU.Build.0 = Debug|Any CPU
		{D9140246-69F9-433B-9F40-908C67713F39}.Ad-Hoc|ARM.ActiveCfg = Debug|Any CPU
		{D9140246-69F9-433B-9F40-908C67713F39}.Ad-Hoc|ARM.Build.0 = Debug|Any CPU
		{D9140246-69F9-433B-9F40-908C67713F39}.Ad-Hoc|ARM64.ActiveCfg = Release|Any CPU
		{D9140246-69F9-433B-9F40-908C67713F39}.Ad-Hoc|ARM64.Build.0 = Release|Any CPU
		{D9140246-69F9-433B-9F40-908C67713F39}.Ad-Hoc|iPhone.ActiveCfg = Debug|Any CPU
		{D9140246-69F9-433B-9F40-908C67713F39}.Ad-Hoc|iPhone.Build.0 = Debug|Any CPU
		{D9140246-69F9-433B-9F40-908C67713F39}.Ad-Hoc|iPhoneSimulator.ActiveCfg = Debug|Any CPU
		{D9140246-69F9-433B-9F40-908C67713F39}.Ad-Hoc|iPhoneSimulator.Build.0 = Debug|Any CPU
		{D9140246-69F9-433B-9F40-908C67713F39}.Ad-Hoc|x64.ActiveCfg = Debug|Any CPU
		{D9140246-69F9-433B-9F40-908C67713F39}.Ad-Hoc|x64.Build.0 = Debug|Any CPU
		{D9140246-69F9-433B-9F40-908C67713F39}.Ad-Hoc|x86.ActiveCfg = Debug|Any CPU
		{D9140246-69F9-433B-9F40-908C67713F39}.Ad-Hoc|x86.Build.0 = Debug|Any CPU
		{D9140246-69F9-433B-9F40-908C67713F39}.AppStore|Any CPU.ActiveCfg = Debug|Any CPU
		{D9140246-69F9-433B-9F40-908C67713F39}.AppStore|Any CPU.Build.0 = Debug|Any CPU
		{D9140246-69F9-433B-9F40-908C67713F39}.AppStore|ARM.ActiveCfg = Debug|Any CPU
		{D9140246-69F9-433B-9F40-908C67713F39}.AppStore|ARM.Build.0 = Debug|Any CPU
		{D9140246-69F9-433B-9F40-908C67713F39}.AppStore|ARM64.ActiveCfg = Release|Any CPU
		{D9140246-69F9-433B-9F40-908C67713F39}.AppStore|ARM64.Build.0 = Release|Any CPU
		{D9140246-69F9-433B-9F40-908C67713F39}.AppStore|iPhone.ActiveCfg = Debug|Any CPU
		{D9140246-69F9-433B-9F40-908C67713F39}.AppStore|iPhone.Build.0 = Debug|Any CPU
		{D9140246-69F9-433B-9F40-908C67713F39}.AppStore|iPhoneSimulator.ActiveCfg = Debug|Any CPU
		{D9140246-69F9-433B-9F40-908C67713F39}.AppStore|iPhoneSimulator.Build.0 = Debug|Any CPU
		{D9140246-69F9-433B-9F40-908C67713F39}.AppStore|x64.ActiveCfg = Debug|Any CPU
		{D9140246-69F9-433B-9F40-908C67713F39}.AppStore|x64.Build.0 = Debug|Any CPU
		{D9140246-69F9-433B-9F40-908C67713F39}.AppStore|x86.ActiveCfg = Debug|Any CPU
		{D9140246-69F9-433B-9F40-908C67713F39}.AppStore|x86.Build.0 = Debug|Any CPU
		{D9140246-69F9-433B-9F40-908C67713F39}.Debug|Any CPU.ActiveCfg = Debug|Any CPU
		{D9140246-69F9-433B-9F40-908C67713F39}.Debug|Any CPU.Build.0 = Debug|Any CPU
		{D9140246-69F9-433B-9F40-908C67713F39}.Debug|ARM.ActiveCfg = Debug|Any CPU
		{D9140246-69F9-433B-9F40-908C67713F39}.Debug|ARM.Build.0 = Debug|Any CPU
		{D9140246-69F9-433B-9F40-908C67713F39}.Debug|ARM64.ActiveCfg = Debug|Any CPU
		{D9140246-69F9-433B-9F40-908C67713F39}.Debug|ARM64.Build.0 = Debug|Any CPU
		{D9140246-69F9-433B-9F40-908C67713F39}.Debug|iPhone.ActiveCfg = Debug|Any CPU
		{D9140246-69F9-433B-9F40-908C67713F39}.Debug|iPhone.Build.0 = Debug|Any CPU
		{D9140246-69F9-433B-9F40-908C67713F39}.Debug|iPhoneSimulator.ActiveCfg = Debug|Any CPU
		{D9140246-69F9-433B-9F40-908C67713F39}.Debug|iPhoneSimulator.Build.0 = Debug|Any CPU
		{D9140246-69F9-433B-9F40-908C67713F39}.Debug|x64.ActiveCfg = Debug|Any CPU
		{D9140246-69F9-433B-9F40-908C67713F39}.Debug|x64.Build.0 = Debug|Any CPU
		{D9140246-69F9-433B-9F40-908C67713F39}.Debug|x86.ActiveCfg = Debug|Any CPU
		{D9140246-69F9-433B-9F40-908C67713F39}.Debug|x86.Build.0 = Debug|Any CPU
		{D9140246-69F9-433B-9F40-908C67713F39}.Release|Any CPU.ActiveCfg = Release|Any CPU
		{D9140246-69F9-433B-9F40-908C67713F39}.Release|Any CPU.Build.0 = Release|Any CPU
		{D9140246-69F9-433B-9F40-908C67713F39}.Release|ARM.ActiveCfg = Release|Any CPU
		{D9140246-69F9-433B-9F40-908C67713F39}.Release|ARM.Build.0 = Release|Any CPU
		{D9140246-69F9-433B-9F40-908C67713F39}.Release|ARM64.ActiveCfg = Release|Any CPU
		{D9140246-69F9-433B-9F40-908C67713F39}.Release|ARM64.Build.0 = Release|Any CPU
		{D9140246-69F9-433B-9F40-908C67713F39}.Release|iPhone.ActiveCfg = Release|Any CPU
		{D9140246-69F9-433B-9F40-908C67713F39}.Release|iPhone.Build.0 = Release|Any CPU
		{D9140246-69F9-433B-9F40-908C67713F39}.Release|iPhoneSimulator.ActiveCfg = Release|Any CPU
		{D9140246-69F9-433B-9F40-908C67713F39}.Release|iPhoneSimulator.Build.0 = Release|Any CPU
		{D9140246-69F9-433B-9F40-908C67713F39}.Release|x64.ActiveCfg = Release|Any CPU
		{D9140246-69F9-433B-9F40-908C67713F39}.Release|x64.Build.0 = Release|Any CPU
		{D9140246-69F9-433B-9F40-908C67713F39}.Release|x86.ActiveCfg = Release|Any CPU
		{D9140246-69F9-433B-9F40-908C67713F39}.Release|x86.Build.0 = Release|Any CPU
		{EDA9D962-AA8B-4F89-A1EF-C224480D4989}.Ad-Hoc|Any CPU.ActiveCfg = Release|x86
		{EDA9D962-AA8B-4F89-A1EF-C224480D4989}.Ad-Hoc|Any CPU.Build.0 = Release|x86
		{EDA9D962-AA8B-4F89-A1EF-C224480D4989}.Ad-Hoc|Any CPU.Deploy.0 = Release|x86
		{EDA9D962-AA8B-4F89-A1EF-C224480D4989}.Ad-Hoc|ARM.ActiveCfg = Release|ARM
		{EDA9D962-AA8B-4F89-A1EF-C224480D4989}.Ad-Hoc|ARM.Build.0 = Release|ARM
		{EDA9D962-AA8B-4F89-A1EF-C224480D4989}.Ad-Hoc|ARM.Deploy.0 = Release|ARM
		{EDA9D962-AA8B-4F89-A1EF-C224480D4989}.Ad-Hoc|ARM64.ActiveCfg = Release|x86
		{EDA9D962-AA8B-4F89-A1EF-C224480D4989}.Ad-Hoc|ARM64.Build.0 = Release|x86
		{EDA9D962-AA8B-4F89-A1EF-C224480D4989}.Ad-Hoc|ARM64.Deploy.0 = Release|x86
		{EDA9D962-AA8B-4F89-A1EF-C224480D4989}.Ad-Hoc|iPhone.ActiveCfg = Release|x86
		{EDA9D962-AA8B-4F89-A1EF-C224480D4989}.Ad-Hoc|iPhone.Build.0 = Release|x86
		{EDA9D962-AA8B-4F89-A1EF-C224480D4989}.Ad-Hoc|iPhone.Deploy.0 = Release|x86
		{EDA9D962-AA8B-4F89-A1EF-C224480D4989}.Ad-Hoc|iPhoneSimulator.ActiveCfg = Release|x86
		{EDA9D962-AA8B-4F89-A1EF-C224480D4989}.Ad-Hoc|iPhoneSimulator.Build.0 = Release|x86
		{EDA9D962-AA8B-4F89-A1EF-C224480D4989}.Ad-Hoc|iPhoneSimulator.Deploy.0 = Release|x86
		{EDA9D962-AA8B-4F89-A1EF-C224480D4989}.Ad-Hoc|x64.ActiveCfg = Release|x64
		{EDA9D962-AA8B-4F89-A1EF-C224480D4989}.Ad-Hoc|x64.Build.0 = Release|x64
		{EDA9D962-AA8B-4F89-A1EF-C224480D4989}.Ad-Hoc|x64.Deploy.0 = Release|x64
		{EDA9D962-AA8B-4F89-A1EF-C224480D4989}.Ad-Hoc|x86.ActiveCfg = Release|x86
		{EDA9D962-AA8B-4F89-A1EF-C224480D4989}.Ad-Hoc|x86.Build.0 = Release|x86
		{EDA9D962-AA8B-4F89-A1EF-C224480D4989}.Ad-Hoc|x86.Deploy.0 = Release|x86
		{EDA9D962-AA8B-4F89-A1EF-C224480D4989}.AppStore|Any CPU.ActiveCfg = Release|x86
		{EDA9D962-AA8B-4F89-A1EF-C224480D4989}.AppStore|Any CPU.Build.0 = Release|x86
		{EDA9D962-AA8B-4F89-A1EF-C224480D4989}.AppStore|Any CPU.Deploy.0 = Release|x86
		{EDA9D962-AA8B-4F89-A1EF-C224480D4989}.AppStore|ARM.ActiveCfg = Release|ARM
		{EDA9D962-AA8B-4F89-A1EF-C224480D4989}.AppStore|ARM.Build.0 = Release|ARM
		{EDA9D962-AA8B-4F89-A1EF-C224480D4989}.AppStore|ARM.Deploy.0 = Release|ARM
		{EDA9D962-AA8B-4F89-A1EF-C224480D4989}.AppStore|ARM64.ActiveCfg = Release|x86
		{EDA9D962-AA8B-4F89-A1EF-C224480D4989}.AppStore|ARM64.Build.0 = Release|x86
		{EDA9D962-AA8B-4F89-A1EF-C224480D4989}.AppStore|ARM64.Deploy.0 = Release|x86
		{EDA9D962-AA8B-4F89-A1EF-C224480D4989}.AppStore|iPhone.ActiveCfg = Release|x86
		{EDA9D962-AA8B-4F89-A1EF-C224480D4989}.AppStore|iPhone.Build.0 = Release|x86
		{EDA9D962-AA8B-4F89-A1EF-C224480D4989}.AppStore|iPhone.Deploy.0 = Release|x86
		{EDA9D962-AA8B-4F89-A1EF-C224480D4989}.AppStore|iPhoneSimulator.ActiveCfg = Release|x86
		{EDA9D962-AA8B-4F89-A1EF-C224480D4989}.AppStore|iPhoneSimulator.Build.0 = Release|x86
		{EDA9D962-AA8B-4F89-A1EF-C224480D4989}.AppStore|iPhoneSimulator.Deploy.0 = Release|x86
		{EDA9D962-AA8B-4F89-A1EF-C224480D4989}.AppStore|x64.ActiveCfg = Release|x64
		{EDA9D962-AA8B-4F89-A1EF-C224480D4989}.AppStore|x64.Build.0 = Release|x64
		{EDA9D962-AA8B-4F89-A1EF-C224480D4989}.AppStore|x64.Deploy.0 = Release|x64
		{EDA9D962-AA8B-4F89-A1EF-C224480D4989}.AppStore|x86.ActiveCfg = Release|x86
		{EDA9D962-AA8B-4F89-A1EF-C224480D4989}.AppStore|x86.Build.0 = Release|x86
		{EDA9D962-AA8B-4F89-A1EF-C224480D4989}.AppStore|x86.Deploy.0 = Release|x86
		{EDA9D962-AA8B-4F89-A1EF-C224480D4989}.Debug|Any CPU.ActiveCfg = Debug|x86
		{EDA9D962-AA8B-4F89-A1EF-C224480D4989}.Debug|Any CPU.Build.0 = Debug|x86
		{EDA9D962-AA8B-4F89-A1EF-C224480D4989}.Debug|Any CPU.Deploy.0 = Debug|x86
		{EDA9D962-AA8B-4F89-A1EF-C224480D4989}.Debug|ARM.ActiveCfg = Debug|ARM
		{EDA9D962-AA8B-4F89-A1EF-C224480D4989}.Debug|ARM.Build.0 = Debug|ARM
		{EDA9D962-AA8B-4F89-A1EF-C224480D4989}.Debug|ARM.Deploy.0 = Debug|ARM
		{EDA9D962-AA8B-4F89-A1EF-C224480D4989}.Debug|ARM64.ActiveCfg = Debug|x86
		{EDA9D962-AA8B-4F89-A1EF-C224480D4989}.Debug|iPhone.ActiveCfg = Debug|x86
		{EDA9D962-AA8B-4F89-A1EF-C224480D4989}.Debug|iPhoneSimulator.ActiveCfg = Debug|x86
		{EDA9D962-AA8B-4F89-A1EF-C224480D4989}.Debug|x64.ActiveCfg = Debug|x64
		{EDA9D962-AA8B-4F89-A1EF-C224480D4989}.Debug|x64.Build.0 = Debug|x64
		{EDA9D962-AA8B-4F89-A1EF-C224480D4989}.Debug|x64.Deploy.0 = Debug|x64
		{EDA9D962-AA8B-4F89-A1EF-C224480D4989}.Debug|x86.ActiveCfg = Debug|x86
		{EDA9D962-AA8B-4F89-A1EF-C224480D4989}.Debug|x86.Build.0 = Debug|x86
		{EDA9D962-AA8B-4F89-A1EF-C224480D4989}.Debug|x86.Deploy.0 = Debug|x86
		{EDA9D962-AA8B-4F89-A1EF-C224480D4989}.Release|Any CPU.ActiveCfg = Release|x86
		{EDA9D962-AA8B-4F89-A1EF-C224480D4989}.Release|ARM.ActiveCfg = Release|ARM
		{EDA9D962-AA8B-4F89-A1EF-C224480D4989}.Release|ARM.Build.0 = Release|ARM
		{EDA9D962-AA8B-4F89-A1EF-C224480D4989}.Release|ARM.Deploy.0 = Release|ARM
		{EDA9D962-AA8B-4F89-A1EF-C224480D4989}.Release|ARM64.ActiveCfg = Release|x86
		{EDA9D962-AA8B-4F89-A1EF-C224480D4989}.Release|iPhone.ActiveCfg = Release|x86
		{EDA9D962-AA8B-4F89-A1EF-C224480D4989}.Release|iPhoneSimulator.ActiveCfg = Release|x86
		{EDA9D962-AA8B-4F89-A1EF-C224480D4989}.Release|x64.ActiveCfg = Release|x64
		{EDA9D962-AA8B-4F89-A1EF-C224480D4989}.Release|x64.Build.0 = Release|x64
		{EDA9D962-AA8B-4F89-A1EF-C224480D4989}.Release|x64.Deploy.0 = Release|x64
		{EDA9D962-AA8B-4F89-A1EF-C224480D4989}.Release|x86.ActiveCfg = Release|x86
		{EDA9D962-AA8B-4F89-A1EF-C224480D4989}.Release|x86.Build.0 = Release|x86
		{EDA9D962-AA8B-4F89-A1EF-C224480D4989}.Release|x86.Deploy.0 = Release|x86
	EndGlobalSection
	GlobalSection(SolutionProperties) = preSolution
		HideSolutionNode = FALSE
	EndGlobalSection
	GlobalSection(NestedProjects) = preSolution
		{586DE238-5876-4820-910E-7C1FAFC6A239} = {A7D4F04A-B812-4C65-BC9D-D134F38C6555}
		{35846450-BFC6-4886-B93F-5BC582C326A9} = {A7D4F04A-B812-4C65-BC9D-D134F38C6555}
		{90D4E1B8-4375-4A31-A5C3-BCA140265A78} = {A7D4F04A-B812-4C65-BC9D-D134F38C6555}
		{8A42F6E0-07F6-4AB1-A070-C8F7BFF09F0A} = {A7D4F04A-B812-4C65-BC9D-D134F38C6555}
		{F45A94EB-EB07-42DF-A8F7-48B8B06F3679} = {A7D4F04A-B812-4C65-BC9D-D134F38C6555}
		{B9339BE9-FE61-4F8E-8E10-35B43EF67C90} = {5C540A8B-9DCB-41DE-9733-FE8E2153A246}
		{160A68DC-BB5E-4768-A913-6447E2B5A1F7} = {5C540A8B-9DCB-41DE-9733-FE8E2153A246}
		{D9140246-69F9-433B-9F40-908C67713F39} = {6BAA02D5-9E81-42D6-A33F-1B060FA10F96}
		{EDA9D962-AA8B-4F89-A1EF-C224480D4989} = {5C540A8B-9DCB-41DE-9733-FE8E2153A246}
	EndGlobalSection
	GlobalSection(ExtensibilityGlobals) = postSolution
		SolutionGuid = {3AF0C320-97BA-4745-B60B-7C45B0135F72}
	EndGlobalSection
EndGlobal
